version = 1
revision = 2
requires-python = ">=3.12"

[[package]]
name = "dm-mcp"
version = "0.1.0"
source = { virtual = "." }
dependencies = [
    { name = "dmpython" },
]

[package.metadata]
requires-dist = [{ name = "dmpython", specifier = ">=2.5.26" }]

[[package]]
name = "dmpython"
version = "2.5.26"
source = { registry = "https://pypi.org/simple" }
wheels = [
    { url = "https://files.pythonhosted.org/packages/23/90/1a1943c453d0f63c875244b3619efc856bbb5691e9e93e3defdcd12f1d1b/dmpython-2.5.26-cp312-cp312-manylinux2014_aarch64.manylinux_2_17_aarch64.whl", hash = "sha256:53cea4d8b679d9da3a8c59fa41daf54b0cba8c863cc05f581b8f97eab1e01996", size = 8700924, upload-time = "2025-12-03T07:15:11.053Z" },
    { url = "https://files.pythonhosted.org/packages/b2/2b/59a5b8d4e34f85c7f2c752708babdb49776d147ff8d53b0a7d459fed516a/dmpython-2.5.26-cp312-cp312-manylinux2014_x86_64.manylinux_2_17_x86_64.whl", hash = "sha256:68f5cfaeaf03683d337e6916e00b41f2a422b41794a2719a84d36563af656903", size = 5253690, upload-time = "2025-11-17T07:29:35.402Z" },
    { url = "https://files.pythonhosted.org/packages/dd/4d/ad485170549eabfb1a95ecc832267f1c5a6a831dab67958f7834b663ad6d/dmpython-2.5.26-cp312-cp312-manylinux_2_12_x86_64.manylinux2010_x86_64.whl", hash = "sha256:d43d4342ede77473fe66c75a2db8b3aa9da5cbdf3ded905c4246d03d75001c54", size = 6865458, upload-time = "2025-11-17T07:29:44.207Z" },
    { url = "https://files.pythonhosted.org/packages/1f/04/a10fecc11c121cebc44c98f00889772805b97f62796616d5c8d90a28ba26/dmpython-2.5.26-cp312-cp312-win_amd64.whl", hash = "sha256:77f0c2bd8d73baa021df0f88010f9ad82da533cf7a5a280baf875854f164cb01", size = 7616466, upload-time = "2025-11-17T06:26:50.417Z" },
    { url = "https://files.pythonhosted.org/packages/c7/bd/34eea9c1af858fdab8718311352620cc2355907e96e33f07e00909131b0c/dmpython-2.5.26-cp313-cp313-manylinux2014_aarch64.manylinux_2_17_aarch64.whl", hash = "sha256:588fcc8e42a7ac6f5cfa973b9c2daf3354f068fd2f47faf03867b1bbd6c967b9", size = 8700442, upload-time = "2025-12-03T07:15:33.443Z" },
    { url = "https://files.pythonhosted.org/packages/8c/2a/b162c2e7ae5941a3edf01009e65e2440f27f638c45d73c3b02a915ee683d/dmpython-2.5.26-cp313-cp313-manylinux2014_x86_64.manylinux_2_17_x86_64.whl", hash = "sha256:cee03ce0314181d72bdc0949a490aaad8e289614b1db6c2c39bf672c9735a1cb", size = 5248208, upload-time = "2025-11-17T07:29:51.257Z" },
    { url = "https://files.pythonhosted.org/packages/26/f5/1681c2debc020cc15fcad0355e06d129e1f974dede595df058d33bd54bff/dmpython-2.5.26-cp313-cp313-manylinux_2_12_x86_64.manylinux2010_x86_64.whl", hash = "sha256:77667bc9474311b1b48c3005d4bd7f94f45ceecd130639f9082d1e82bf530ee3", size = 6855672, upload-time = "2025-11-17T07:29:59.767Z" },
    { url = "https://files.pythonhosted.org/packages/54/87/60522aef32a895335ea55efbea7efafaa1da9d416fbf0eba6480ccd831e6/dmpython-2.5.26-cp313-cp313-win_amd64.whl", hash = "sha256:2a649eea1aee789fc50cb03d341b2745523a6da542028f4f0d6a3d207b0c88d5", size = 7616453, upload-time = "2025-11-17T06:27:00.102Z" },
    { url = "https://files.pythonhosted.org/packages/08/36/f690ce01387b57002f95ad627feedcf57540da80f91a4726b88da63cb0f4/dmpython-2.5.26-cp314-cp314-manylinux2014_aarch64.manylinux_2_17_aarch64.whl", hash = "sha256:cbb6ec3a9f59a890ed9d753bb74fe84bcc4de95cd4c1b3d5d4030b0a9023e6f2", size = 8702977, upload-time = "2025-12-03T07:15:55.217Z" },
    { url = "https://files.pythonhosted.org/packages/4a/88/88f7053cb6a3e2bd1cd511af997c0d0d255d3cee64b3aa768c00f7263a5e/dmpython-2.5.26-cp314-cp314-manylinux2014_x86_64.manylinux_2_17_x86_64.whl", hash = "sha256:57ab80a4f40669a97d7352082aafbd36717fdb5896b65b7b12fb48b300dc3206", size = 5249733, upload-time = "2025-11-17T07:30:06.63Z" },
    { url = "https://files.pythonhosted.org/packages/ec/cb/53709de9176729207da4f2c74026f44de709111099296a7b15d5a95322fd/dmpython-2.5.26-cp314-cp314-win_amd64.whl", hash = "sha256:4b58a3437f25de0e73504e5364a51b00c808716fd5199409de61998107f146bb", size = 8576144, upload-time = "2025-11-17T06:27:11.13Z" },
]
